Microsoft Visual Studio Solution File, Format Version 12.00# Visual Studio 2012Project("{FAE04EC0-301F-11D3-BF4B-00C04F79EFBC}") = "kkukukuku.Entities", "kkukukuku.Entities\kkukukuku.Entities.csproj", "{154F338F-07C1-4078-AEAA-20EC0F009A46}"EndProjectProject("{FAE04EC0-301F-11D3-BF4B-00C04F79EFBC}") = "kkukukuku.Daos.Interfaces", "kkukukuku.Daos.Interfaces\kkukukuku.Daos.Interfaces.csproj", "{EAECC3BD-FC4C-4E20-88B6-83AD112F500E}"EndProjectProject("{FAE04EC0-301F-11D3-BF4B-00C04F79EFBC}") = "kkukukuku.Services.Interfaces", "kkukukuku.Services.Interfaces\kkukukuku.Services.Interfaces.csproj", "{D206D8D2-3B40-4799-8C2D-17455AB682D5}"EndProjectProject("{FAE04EC0-301F-11D3-BF4B-00C04F79EFBC}") = "kkukukuku.Daos", "kkukukuku.Daos\kkukukuku.Daos.csproj", "{1EF40842-C4B7-4525-A35E-53E9BAFBA675}"EndProjectProject("{FAE04EC0-301F-11D3-BF4B-00C04F79EFBC}") = "kkukukuku.Services", "kkukukuku.Services\kkukukuku.Services.csproj", "{3F53AF44-98DA-417E-ADA2-482E12C5C036}"EndProjectProject("{FAE04EC0-301F-11D3-BF4B-00C04F79EFBC}") = "kkukukuku.TestData", "kkukukuku.TestData\kkukukuku.TestData.csproj", "{BE458419-91CC-4FFA-ABA9-FEC11E5E42BC}"EndProjectProject("{FAE04EC0-301F-11D3-BF4B-00C04F79EFBC}") = "kkukukuku.Daos.Mocks", "kkukukuku.Daos.Mocks\kkukukuku.Daos.Mocks.csproj", "{054B2132-570F-45B7-9763-41BDF9DB5505}"EndProjectProject("{FAE04EC0-301F-11D3-BF4B-00C04F79EFBC}") = "kkukukuku.Daos.Tests", "kkukukuku.Daos.Tests\kkukukuku.Daos.Tests.csproj", "{05D21323-B9B0-4089-ABBD-D1A7B1098DC8}"EndProjectProject("{FAE04EC0-301F-11D3-BF4B-00C04F79EFBC}") = "kkukukuku.Services.Tests", "kkukukuku.Services.Tests\kkukukuku.Services.Tests.csproj", "{81CC76BA-F454-4180-AF7E-101495350E33}"EndProjectProject("{FAE04EC0-301F-11D3-BF4B-00C04F79EFBC}") = "kkukukuku.Web", "kkukukuku.Web\kkukukuku.Web.csproj", "{B3C1D7D4-61E2-4B6C-83DF-49843D20DA48}"EndProjectProject("{FAE04EC0-301F-11D3-BF4B-00C04F79EFBC}") = "kkukukuku.WebApi", "kkukukuku.WebApi\kkukukuku.WebApi.csproj", "{62E60164-4F80-4796-9CA0-82EF1F87381E}"EndProject<!--add customized code between this region--><!--add customized code between this region-->Global	GlobalSection(SolutionConfigurationPlatforms) = preSolution		Debug|Any CPU = Debug|Any CPU		Release|Any CPU = Release|Any CPU	EndGlobalSection	GlobalSection(ProjectConfigurationPlatforms) = postSolution		{154F338F-07C1-4078-AEAA-20EC0F009A46}.Debug|Any CPU.ActiveCfg = Debug|Any CPU		{154F338F-07C1-4078-AEAA-20EC0F009A46}.Debug|Any CPU.Build.0 = Debug|Any CPU		{154F338F-07C1-4078-AEAA-20EC0F009A46}.Release|Any CPU.ActiveCfg = Release|Any CPU		{154F338F-07C1-4078-AEAA-20EC0F009A46}.Release|Any CPU.Build.0 = Release|Any CPU		{EAECC3BD-FC4C-4E20-88B6-83AD112F500E}.Debug|Any CPU.ActiveCfg = Debug|Any CPU		{EAECC3BD-FC4C-4E20-88B6-83AD112F500E}.Debug|Any CPU.Build.0 = Debug|Any CPU		{EAECC3BD-FC4C-4E20-88B6-83AD112F500E}.Release|Any CPU.ActiveCfg = Release|Any CPU		{EAECC3BD-FC4C-4E20-88B6-83AD112F500E}.Release|Any CPU.Build.0 = Release|Any CPU		{D206D8D2-3B40-4799-8C2D-17455AB682D5}.Debug|Any CPU.ActiveCfg = Debug|Any CPU		{D206D8D2-3B40-4799-8C2D-17455AB682D5}.Debug|Any CPU.Build.0 = Debug|Any CPU		{D206D8D2-3B40-4799-8C2D-17455AB682D5}.Release|Any CPU.ActiveCfg = Release|Any CPU		{D206D8D2-3B40-4799-8C2D-17455AB682D5}.Release|Any CPU.Build.0 = Release|Any CPU		{1EF40842-C4B7-4525-A35E-53E9BAFBA675}.Debug|Any CPU.ActiveCfg = Debug|Any CPU		{1EF40842-C4B7-4525-A35E-53E9BAFBA675}.Debug|Any CPU.Build.0 = Debug|Any CPU		{1EF40842-C4B7-4525-A35E-53E9BAFBA675}.Release|Any CPU.ActiveCfg = Release|Any CPU		{1EF40842-C4B7-4525-A35E-53E9BAFBA675}.Release|Any CPU.Build.0 = Release|Any CPU		{3F53AF44-98DA-417E-ADA2-482E12C5C036}.Debug|Any CPU.ActiveCfg = Debug|Any CPU		{3F53AF44-98DA-417E-ADA2-482E12C5C036}.Debug|Any CPU.Build.0 = Debug|Any CPU		{3F53AF44-98DA-417E-ADA2-482E12C5C036}.Release|Any CPU.ActiveCfg = Release|Any CPU		{3F53AF44-98DA-417E-ADA2-482E12C5C036}.Release|Any CPU.Build.0 = Release|Any CPU		{BE458419-91CC-4FFA-ABA9-FEC11E5E42BC}.Debug|Any CPU.ActiveCfg = Debug|Any CPU		{BE458419-91CC-4FFA-ABA9-FEC11E5E42BC}.Debug|Any CPU.Build.0 = Debug|Any CPU		{BE458419-91CC-4FFA-ABA9-FEC11E5E42BC}.Release|Any CPU.ActiveCfg = Release|Any CPU		{BE458419-91CC-4FFA-ABA9-FEC11E5E42BC}.Release|Any CPU.Build.0 = Release|Any CPU		{054B2132-570F-45B7-9763-41BDF9DB5505}.Debug|Any CPU.ActiveCfg = Debug|Any CPU		{054B2132-570F-45B7-9763-41BDF9DB5505}.Debug|Any CPU.Build.0 = Debug|Any CPU		{054B2132-570F-45B7-9763-41BDF9DB5505}.Release|Any CPU.ActiveCfg = Release|Any CPU		{054B2132-570F-45B7-9763-41BDF9DB5505}.Release|Any CPU.Build.0 = Release|Any CPU		{05D21323-B9B0-4089-ABBD-D1A7B1098DC8}.Debug|Any CPU.ActiveCfg = Debug|Any CPU		{05D21323-B9B0-4089-ABBD-D1A7B1098DC8}.Debug|Any CPU.Build.0 = Debug|Any CPU		{05D21323-B9B0-4089-ABBD-D1A7B1098DC8}.Release|Any CPU.ActiveCfg = Release|Any CPU		{05D21323-B9B0-4089-ABBD-D1A7B1098DC8}.Release|Any CPU.Build.0 = Release|Any CPU		{81CC76BA-F454-4180-AF7E-101495350E33}.Debug|Any CPU.ActiveCfg = Debug|Any CPU		{81CC76BA-F454-4180-AF7E-101495350E33}.Debug|Any CPU.Build.0 = Debug|Any CPU		{81CC76BA-F454-4180-AF7E-101495350E33}.Release|Any CPU.ActiveCfg = Release|Any CPU		{81CC76BA-F454-4180-AF7E-101495350E33}.Release|Any CPU.Build.0 = Release|Any CPU		{B3C1D7D4-61E2-4B6C-83DF-49843D20DA48}.Debug|Any CPU.ActiveCfg = Debug|Any CPU		{B3C1D7D4-61E2-4B6C-83DF-49843D20DA48}.Debug|Any CPU.Build.0 = Debug|Any CPU		{B3C1D7D4-61E2-4B6C-83DF-49843D20DA48}.Release|Any CPU.ActiveCfg = Release|Any CPU		{B3C1D7D4-61E2-4B6C-83DF-49843D20DA48}.Release|Any CPU.Build.0 = Release|Any CPU		{62E60164-4F80-4796-9CA0-82EF1F87381E}.Debug|Any CPU.ActiveCfg = Debug|Any CPU		{62E60164-4F80-4796-9CA0-82EF1F87381E}.Debug|Any CPU.Build.0 = Debug|Any CPU		{62E60164-4F80-4796-9CA0-82EF1F87381E}.Release|Any CPU.ActiveCfg = Release|Any CPU		{62E60164-4F80-4796-9CA0-82EF1F87381E}.Release|Any CPU.Build.0 = Release|Any CPU		<!--add customized code between this region-->		<!--add customized code between this region-->	EndGlobalSection
	GlobalSection(SolutionProperties) = preSolution		HideSolutionNode = FALSE	EndGlobalSectionEndGlobal